# This file was autogenerated by Stack.
# You should not edit this file by hand.
# For more information, please see the documentation at:
#   https://docs.haskellstack.org/en/stable/lock_files

packages:
- completed:
    hackage: megaparsec-9.2.0@sha256:0248397bedfddbb94584925a09ba793cf2327362a3183624bd7bfaed529163cb,3347
    pantry-tree:
      size: 1518
      sha256: 71403f455a514f62cb0c62145b6f6ce19bec34b16ed150a53df02ea9d773d0be
  original:
    hackage: megaparsec-9.2.0@sha256:0248397bedfddbb94584925a09ba793cf2327362a3183624bd7bfaed529163cb,3347
- completed:
    hackage: case-insensitive-1.2.1.0@sha256:9dfd3171fc7698cf8d931727d3af3a7b389135b583e46b5adac1f9d2026fff61,2244
    pantry-tree:
      size: 688
      sha256: d6f175b17eacce002fc5336c17e119d989bd97f8ad9702446163c9e27c7c79b7
  original:
    hackage: case-insensitive-1.2.1.0@sha256:9dfd3171fc7698cf8d931727d3af3a7b389135b583e46b5adac1f9d2026fff61,2244
- completed:
    hackage: parser-combinators-1.3.0@sha256:edd54ba56cbae8fadbcceebcfef31b2c70a835e92e5eda41151b939c40647281,1570
    pantry-tree:
      size: 795
      sha256: 0754c8d3f213156877f8085da2ad74433167a6c30272b8b64119a2628bd7ade0
  original:
    hackage: parser-combinators-1.3.0@sha256:edd54ba56cbae8fadbcceebcfef31b2c70a835e92e5eda41151b939c40647281,1570
- completed:
    hackage: scientific-0.3.7.0@sha256:76465a82beb2af6ea83ebd00684acc0ffe659e7da7066329931dc8f02fc97507,4826
    pantry-tree:
      size: 657
      sha256: 2e5436cd8a2d2fa045aadc7619aa06cf18f4f77d01b70d8c517213b718b69a2b
  original:
    hackage: scientific-0.3.7.0@sha256:76465a82beb2af6ea83ebd00684acc0ffe659e7da7066329931dc8f02fc97507,4826
- completed:
    hackage: hashable-1.4.0.2@sha256:0cddd0229d1aac305ea0404409c0bbfab81f075817bd74b8b2929eff58333e55,5005
    pantry-tree:
      size: 1248
      sha256: 51dda0aa70849588d074125f324beba1c8736cfa486e7f4a90a798b1d0e6019d
  original:
    hackage: hashable-1.4.0.2@sha256:0cddd0229d1aac305ea0404409c0bbfab81f075817bd74b8b2929eff58333e55,5005
- completed:
    hackage: integer-logarithms-1.0.3.1@sha256:b65e11ec6f4b29c5278716da0544b951a49ab5310608df0fc41eec29f15691d9,3229
    pantry-tree:
      size: 865
      sha256: 804c8c0d77470f84640ee70c66155f770798e295c0a0572e41d071f69e24ca4e
  original:
    hackage: integer-logarithms-1.0.3.1@sha256:b65e11ec6f4b29c5278716da0544b951a49ab5310608df0fc41eec29f15691d9,3229
- completed:
    hackage: primitive-0.7.3.0@sha256:6b28a1c0572f5ca50597ba8388aeade21515842969ae192cdc6bfca81367bf56,2951
    pantry-tree:
      size: 1655
      sha256: 4dd118201091c04a138a25e262ab61e8e64e811832eadd8b6b39d56504dfe045
  original:
    hackage: primitive-0.7.3.0@sha256:6b28a1c0572f5ca50597ba8388aeade21515842969ae192cdc6bfca81367bf56,2951
- completed:
    hackage: base-orphans-0.8.6@sha256:eb6758d0160d607e0c45dbd6b196f515b9a589fd4f6d2f926929dd5d56282d37,3175
    pantry-tree:
      size: 1272
      sha256: f889d6903383305688e6e703982bfdc985649b7d4538429e44f98f99d8f73c07
  original:
    hackage: base-orphans-0.8.6@sha256:eb6758d0160d607e0c45dbd6b196f515b9a589fd4f6d2f926929dd5d56282d37,3175
snapshots: []
