# This file was autogenerated by Stack.
# You should not edit this file by hand.
# For more information, please see the documentation at:
#   https://docs.haskellstack.org/en/stable/lock_files

packages: []
snapshots:
- completed:
    sha256: fa81056f72ec4bceffb4ad67aa84dffad2161ab2374c2b9874948c9f2acff0ad
    size: 643198
    url: https://raw.githubusercontent.com/commercialhaskell/stackage-snapshots/master/nightly/2022/10/7.yaml
  original: nightly-2022-10-07
